
Microsoft Visual Studio Solution File, Format Version 12.00
# Visual Studio 15
VisualStudioVersion = 15.0.27130.2027
MinimumVisualStudioVersion = 10.0.40219.1
Project("{FAE04EC0-301F-11D3-BF4B-00C04F79EFBC}") = "SumtelSearch", "SumtelSearch\SumtelSearch.csproj", "{8E81EBAB-5643-4119-BD27-2EB4C68BEB3D}"
EndProject
Global
	GlobalSection(SolutionConfigurationPlatforms) = preSolution
		Debug|Any CPU = Debug|Any CPU
		Release|Any CPU = Release|Any CPU
	EndGlobalSection
	GlobalSection(ProjectConfigurationPlatforms) = postSolution
		{8E81EBAB-5643-4119-BD27-2EB4C68BEB3D}.Debug|Any CPU.ActiveCfg = Debug|Any CPU
		{8E81EBAB-5643-4119-BD27-2EB4C68BEB3D}.Debug|Any CPU.Build.0 = Debug|Any CPU
		{8E81EBAB-5643-4119-BD27-2EB4C68BEB3D}.Release|Any CPU.ActiveCfg = Release|Any CPU
		{8E81EBAB-5643-4119-BD27-2EB4C68BEB3D}.Release|Any CPU.Build.0 = Release|Any CPU
	EndGlobalSection
	GlobalSection(SolutionProperties) = preSolution
		HideSolutionNode = FALSE
	EndGlobalSection
	GlobalSection(ExtensibilityGlobals) = postSolution
		SolutionGuid = {0542440C-7856-4DEF-ACF2-1CA36D52E4AE}
	EndGlobalSection
EndGlobal
